
Microsoft Visual Studio Solution File, Format Version 12.00
# Visual Studio 15
Project("{FAE04EC0-301F-11D3-BF4B-00C04F79EFBC}") = "AstarPathfindingProject", "AstarPathfindingProject.csproj", "{BAF447CC-4B17-C4EB-CD2A-1B62DD6F2A89}"
EndProject
Project("{FAE04EC0-301F-11D3-BF4B-00C04F79EFBC}") = "AstarPathfindingProjectEditor", "AstarPathfindingProjectEditor.csproj", "{65686625-8232-87AC-10D2-2E14131429DB}"
EndProject
Project("{FAE04EC0-301F-11D3-BF4B-00C04F79EFBC}") = "Assembly-CSharp", "Assembly-CSharp.csproj", "{1C03977F-8C96-BB36-DEF5-3A9DC1FC6D95}"
EndProject
Project("{FAE04EC0-301F-11D3-BF4B-00C04F79EFBC}") = "PackageToolsEditor", "PackageToolsEditor.csproj", "{21CF2E4E-569F-7DFE-B4F1-A76C57539416}"
EndProject
Global
	GlobalSection(SolutionConfigurationPlatforms) = preSolution
		Debug|Any CPU = Debug|Any CPU
		Release|Any CPU = Release|Any CPU
	EndGlobalSection
	GlobalSection(ProjectConfigurationPlatforms) = postSolution
		{BAF447CC-4B17-C4EB-CD2A-1B62DD6F2A89}.Debug|Any CPU.ActiveCfg = Debug|Any CPU
		{BAF447CC-4B17-C4EB-CD2A-1B62DD6F2A89}.Debug|Any CPU.Build.0 = Debug|Any CPU
		{BAF447CC-4B17-C4EB-CD2A-1B62DD6F2A89}.Release|Any CPU.ActiveCfg = Release|Any CPU
		{BAF447CC-4B17-C4EB-CD2A-1B62DD6F2A89}.Release|Any CPU.Build.0 = Release|Any CPU
		{65686625-8232-87AC-10D2-2E14131429DB}.Debug|Any CPU.ActiveCfg = Debug|Any CPU
		{65686625-8232-87AC-10D2-2E14131429DB}.Debug|Any CPU.Build.0 = Debug|Any CPU
		{65686625-8232-87AC-10D2-2E14131429DB}.Release|Any CPU.ActiveCfg = Release|Any CPU
		{65686625-8232-87AC-10D2-2E14131429DB}.Release|Any CPU.Build.0 = Release|Any CPU
		{1C03977F-8C96-BB36-DEF5-3A9DC1FC6D95}.Debug|Any CPU.ActiveCfg = Debug|Any CPU
		{1C03977F-8C96-BB36-DEF5-3A9DC1FC6D95}.Debug|Any CPU.Build.0 = Debug|Any CPU
		{1C03977F-8C96-BB36-DEF5-3A9DC1FC6D95}.Release|Any CPU.ActiveCfg = Release|Any CPU
		{1C03977F-8C96-BB36-DEF5-3A9DC1FC6D95}.Release|Any CPU.Build.0 = Release|Any CPU
		{21CF2E4E-569F-7DFE-B4F1-A76C57539416}.Debug|Any CPU.ActiveCfg = Debug|Any CPU
		{21CF2E4E-569F-7DFE-B4F1-A76C57539416}.Debug|Any CPU.Build.0 = Debug|Any CPU
		{21CF2E4E-569F-7DFE-B4F1-A76C57539416}.Release|Any CPU.ActiveCfg = Release|Any CPU
		{21CF2E4E-569F-7DFE-B4F1-A76C57539416}.Release|Any CPU.Build.0 = Release|Any CPU
	EndGlobalSection
	GlobalSection(SolutionProperties) = preSolution
		HideSolutionNode = FALSE
	EndGlobalSection
EndGlobal
